
Microsoft Visual Studio Solution File, Format Version 12.00
# Visual Studio Version 17
VisualStudioVersion = 17.11.35327.3
MinimumVisualStudioVersion = 10.0.40219.1
Project("{FAE04EC0-301F-11D3-BF4B-00C04F79EFBC}") = "excelConvert", "excelConvert\excelConvert.csproj", "{00C95E6B-0E89-46E2-981F-9D3C387CD692}"
EndProject
Project("{FAE04EC0-301F-11D3-BF4B-00C04F79EFBC}") = "excelConvert.Tests", "excelConvert.Tests\excelConvert.Tests.csproj", "{A39BF74F-0D75-40BD-ABED-0BF4CE6B7A9E}"
EndProject
Global
	GlobalSection(SolutionConfigurationPlatforms) = preSolution
		Debug|Any CPU = Debug|Any CPU
		Release|Any CPU = Release|Any CPU
	EndGlobalSection
	GlobalSection(ProjectConfigurationPlatforms) = postSolution
		{00C95E6B-0E89-46E2-981F-9D3C387CD692}.Debug|Any CPU.ActiveCfg = Debug|Any CPU
		{00C95E6B-0E89-46E2-981F-9D3C387CD692}.Debug|Any CPU.Build.0 = Debug|Any CPU
		{00C95E6B-0E89-46E2-981F-9D3C387CD692}.Release|Any CPU.ActiveCfg = Release|Any CPU
		{00C95E6B-0E89-46E2-981F-9D3C387CD692}.Release|Any CPU.Build.0 = Release|Any CPU
		{A39BF74F-0D75-40BD-ABED-0BF4CE6B7A9E}.Debug|Any CPU.ActiveCfg = Debug|Any CPU
		{A39BF74F-0D75-40BD-ABED-0BF4CE6B7A9E}.Debug|Any CPU.Build.0 = Debug|Any CPU
		{A39BF74F-0D75-40BD-ABED-0BF4CE6B7A9E}.Release|Any CPU.ActiveCfg = Release|Any CPU
		{A39BF74F-0D75-40BD-ABED-0BF4CE6B7A9E}.Release|Any CPU.Build.0 = Release|Any CPU
	EndGlobalSection
	GlobalSection(SolutionProperties) = preSolution
		HideSolutionNode = FALSE
	EndGlobalSection
	GlobalSection(ExtensibilityGlobals) = postSolution
		SolutionGuid = {1B5EC310-00BC-4908-A60B-975C105FF610}
	EndGlobalSection
EndGlobal
